// !$*UTF8*$!
{
	archiveVersion = 1;
	classes = {
	};
	objectVersion = 56;
	objects = {

/* Begin PBXBuildFile section */
		024A5D2A2BDD3EAE0054F911 /* AppDelegate.swift in Sources */ = {isa = PBXBuildFile; fileRef = 024A5D292BDD3EAE0054F911 /* AppDelegate.swift */; };
		024A5D2C2BDD3EAE0054F911 /* SceneDelegate.swift in Sources */ = {isa = PBXBuildFile; fileRef = 024A5D2B2BDD3EAE0054F911 /* SceneDelegate.swift */; };
		024A5D2E2BDD3EAE0054F911 /* ViewController.swift in Sources */ = {isa = PBXBuildFile; fileRef = 024A5D2D2BDD3EAE0054F911 /* ViewController.swift */; };
		024A5D312BDD3EAE0054F911 /* Main.storyboard in Resources */ = {isa = PBXBuildFile; fileRef = 024A5D2F2BDD3EAE0054F911 /* Main.storyboard */; };
		024A5D332BDD3EB00054F911 /* Assets.xcassets in Resources */ = {isa = PBXBuildFile; fileRef = 024A5D322BDD3EB00054F911 /* Assets.xcassets */; };
		024A5D362BDD3EB00054F911 /* LaunchScreen.storyboard in Resources */ = {isa = PBXBuildFile; fileRef = 024A5D342BDD3EB00054F911 /* LaunchScreen.storyboard */; };
		024A5D412BDD3EB00054F911 /* Test_iOS_CLIToolTests.swift in Sources */ = {isa = PBXBuildFile; fileRef = 024A5D402BDD3EB00054F911 /* Test_iOS_CLIToolTests.swift */; };
		024A5D4B2BDD3EB00054F911 /* Test_iOS_CLIToolUITests.swift in Sources */ = {isa = PBXBuildFile; fileRef = 024A5D4A2BDD3EB00054F911 /* Test_iOS_CLIToolUITests.swift */; };
		024A5D4D2BDD3EB00054F911 /* Test_iOS_CLIToolUITestsLaunchTests.swift in Sources */ = {isa = PBXBuildFile; fileRef = 024A5D4C2BDD3EB00054F911 /* Test_iOS_CLIToolUITestsLaunchTests.swift */; };
/* End PBXBuildFile section */

/* Begin PBXContainerItemProxy section */
		024A5D3D2BDD3EB00054F911 /* PBXContainerItemProxy */ = {
			isa = PBXContainerItemProxy;
			containerPortal = 024A5D1E2BDD3EAE0054F911 /* Project object */;
			proxyType = 1;
			remoteGlobalIDString = 024A5D252BDD3EAE0054F911;
			remoteInfo = "Test-iOS-CLITool";
		};
		024A5D472BDD3EB00054F911 /* PBXContainerItemProxy */ = {
			isa = PBXContainerItemProxy;
			containerPortal = 024A5D1E2BDD3EAE0054F911 /* Project object */;
			proxyType = 1;
			remoteGlobalIDString = 024A5D252BDD3EAE0054F911;
			remoteInfo = "Test-iOS-CLITool";
		};
/* End PBXContainerItemProxy section */

/* Begin PBXFileReference section */
		024A5D262BDD3EAE0054F911 /* Test-iOS-CLITool.app */ = {isa = PBXFileReference; explicitFileType = wrapper.application; includeInIndex = 0; path = "Test-iOS-CLITool.app"; sourceTree = BUILT_PRODUCTS_DIR; };
		024A5D292BDD3EAE0054F911 /* AppDelegate.swift */ = {isa = PBXFileReference; lastKnownFileType = sourcecode.swift; path = AppDelegate.swift; sourceTree = "<group>"; };
		024A5D2B2BDD3EAE0054F911 /* SceneDelegate.swift */ = {isa = PBXFileReference; lastKnownFileType = sourcecode.swift; path = SceneDelegate.swift; sourceTree = "<group>"; };
		024A5D2D2BDD3EAE0054F911 /* ViewController.swift */ = {isa = PBXFileReference; lastKnownFileType = sourcecode.swift; path = ViewController.swift; sourceTree = "<group>"; };
		024A5D302BDD3EAE0054F911 /* Base */ = {isa = PBXFileReference; lastKnownFileType = file.storyboard; name = Base; path = Base.lproj/Main.storyboard; sourceTree = "<group>"; };
		024A5D322BDD3EB00054F911 /* Assets.xcassets */ = {isa = PBXFileReference; lastKnownFileType = folder.assetcatalog; path = Assets.xcassets; sourceTree = "<group>"; };
		024A5D352BDD3EB00054F911 /* Base */ = {isa = PBXFileReference; lastKnownFileType = file.storyboard; name = Base; path = Base.lproj/LaunchScreen.storyboard; sourceTree = "<group>"; };
		024A5D372BDD3EB00054F911 /* Info.plist */ = {isa = PBXFileReference; lastKnownFileType = text.plist.xml; path = Info.plist; sourceTree = "<group>"; };
		024A5D3C2BDD3EB00054F911 /* Test-iOS-CLIToolTests.xctest */ = {isa = PBXFileReference; explicitFileType = wrapper.cfbundle; includeInIndex = 0; path = "Test-iOS-CLIToolTests.xctest"; sourceTree = BUILT_PRODUCTS_DIR; };
		024A5D402BDD3EB00054F911 /* Test_iOS_CLIToolTests.swift */ = {isa = PBXFileReference; lastKnownFileType = sourcecode.swift; path = Test_iOS_CLIToolTests.swift; sourceTree = "<group>"; };
		024A5D462BDD3EB00054F911 /* Test-iOS-CLIToolUITests.xctest */ = {isa = PBXFileReference; explicitFileType = wrapper.cfbundle; includeInIndex = 0; path = "Test-iOS-CLIToolUITests.xctest"; sourceTree = BUILT_PRODUCTS_DIR; };
		024A5D4A2BDD3EB00054F911 /* Test_iOS_CLIToolUITests.swift */ = {isa = PBXFileReference; lastKnownFileType = sourcecode.swift; path = Test_iOS_CLIToolUITests.swift; sourceTree = "<group>"; };
		024A5D4C2BDD3EB00054F911 /* Test_iOS_CLIToolUITestsLaunchTests.swift */ = {isa = PBXFileReference; lastKnownFileType = sourcecode.swift; path = Test_iOS_CLIToolUITestsLaunchTests.swift; sourceTree = "<group>"; };
/* End PBXFileReference section */

/* Begin PBXFrameworksBuildPhase section */
		024A5D232BDD3EAE0054F911 /* Frameworks */ = {
			isa = PBXFrameworksBuildPhase;
			buildActionMask = 2147483647;
			files = (
			);
			runOnlyForDeploymentPostprocessing = 0;
		};
		024A5D392BDD3EB00054F911 /* Frameworks */ = {
			isa = PBXFrameworksBuildPhase;
			buildActionMask = 2147483647;
			files = (
			);
			runOnlyForDeploymentPostprocessing = 0;
		};
		024A5D432BDD3EB00054F911 /* Frameworks */ = {
			isa = PBXFrameworksBuildPhase;
			buildActionMask = 2147483647;
			files = (
			);
			runOnlyForDeploymentPostprocessing = 0;
		};
/* End PBXFrameworksBuildPhase section */

/* Begin PBXGroup section */
		024A5D1D2BDD3EAE0054F911 = {
			isa = PBXGroup;
			children = (
				024A5D282BDD3EAE0054F911 /* Test-iOS-CLITool */,
				024A5D3F2BDD3EB00054F911 /* Test-iOS-CLIToolTests */,
				024A5D492BDD3EB00054F911 /* Test-iOS-CLIToolUITests */,
				024A5D272BDD3EAE0054F911 /* Products */,
			);
			sourceTree = "<group>";
		};
		024A5D272BDD3EAE0054F911 /* Products */ = {
			isa = PBXGroup;
			children = (
				024A5D262BDD3EAE0054F911 /* Test-iOS-CLITool.app */,
				024A5D3C2BDD3EB00054F911 /* Test-iOS-CLIToolTests.xctest */,
				024A5D462BDD3EB00054F911 /* Test-iOS-CLIToolUITests.xctest */,
			);
			name = Products;
			sourceTree = "<group>";
		};
		024A5D282BDD3EAE0054F911 /* Test-iOS-CLITool */ = {
			isa = PBXGroup;
			children = (
				024A5D292BDD3EAE0054F911 /* AppDelegate.swift */,
				024A5D2B2BDD3EAE0054F911 /* SceneDelegate.swift */,
				024A5D2D2BDD3EAE0054F911 /* ViewController.swift */,
				024A5D2F2BDD3EAE0054F911 /* Main.storyboard */,
				024A5D322BDD3EB00054F911 /* Assets.xcassets */,
				024A5D342BDD3EB00054F911 /* LaunchScreen.storyboard */,
				024A5D372BDD3EB00054F911 /* Info.plist */,
			);
			path = "Test-iOS-CLITool";
			sourceTree = "<group>";
		};
		024A5D3F2BDD3EB00054F911 /* Test-iOS-CLIToolTests */ = {
			isa = PBXGroup;
			children = (
				024A5D402BDD3EB00054F911 /* Test_iOS_CLIToolTests.swift */,
			);
			path = "Test-iOS-CLIToolTests";
			sourceTree = "<group>";
		};
		024A5D492BDD3EB00054F911 /* Test-iOS-CLIToolUITests */ = {
			isa = PBXGroup;
			children = (
				024A5D4A2BDD3EB00054F911 /* Test_iOS_CLIToolUITests.swift */,
				024A5D4C2BDD3EB00054F911 /* Test_iOS_CLIToolUITestsLaunchTests.swift */,
			);
			path = "Test-iOS-CLIToolUITests";
			sourceTree = "<group>";
		};
/* End PBXGroup section */

/* Begin PBXNativeTarget section */
		024A5D252BDD3EAE0054F911 /* Test-iOS-CLITool */ = {
			isa = PBXNativeTarget;
			buildConfigurationList = 024A5D502BDD3EB00054F911 /* Build configuration list for PBXNativeTarget "Test-iOS-CLITool" */;
			buildPhases = (
				024A5D222BDD3EAE0054F911 /* Sources */,
				024A5D232BDD3EAE0054F911 /* Frameworks */,
				024A5D242BDD3EAE0054F911 /* Resources */,
			);
			buildRules = (
			);
			dependencies = (
			);
			name = "Test-iOS-CLITool";
			productName = "Test-iOS-CLITool";
			productReference = 024A5D262BDD3EAE0054F911 /* Test-iOS-CLITool.app */;
			productType = "com.apple.product-type.application";
		};
		024A5D3B2BDD3EB00054F911 /* Test-iOS-CLIToolTests */ = {
			isa = PBXNativeTarget;
			buildConfigurationList = 024A5D532BDD3EB00054F911 /* Build configuration list for PBXNativeTarget "Test-iOS-CLIToolTests" */;
			buildPhases = (
				024A5D382BDD3EB00054F911 /* Sources */,
				024A5D392BDD3EB00054F911 /* Frameworks */,
				024A5D3A2BDD3EB00054F911 /* Resources */,
			);
			buildRules = (
			);
			dependencies = (
				024A5D3E2BDD3EB00054F911 /* PBXTargetDependency */,
			);
			name = "Test-iOS-CLIToolTests";
			productName = "Test-iOS-CLIToolTests";
			productReference = 024A5D3C2BDD3EB00054F911 /* Test-iOS-CLIToolTests.xctest */;
			productType = "com.apple.product-type.bundle.unit-test";
		};
		024A5D452BDD3EB00054F911 /* Test-iOS-CLIToolUITests */ = {
			isa = PBXNativeTarget;
			buildConfigurationList = 024A5D562BDD3EB00054F911 /* Build configuration list for PBXNativeTarget "Test-iOS-CLIToolUITests" */;
			buildPhases = (
				024A5D422BDD3EB00054F911 /* Sources */,
				024A5D432BDD3EB00054F911 /* Frameworks */,
				024A5D442BDD3EB00054F911 /* Resources */,
			);
			buildRules = (
			);
			dependencies = (
				024A5D482BDD3EB00054F911 /* PBXTargetDependency */,
			);
			name = "Test-iOS-CLIToolUITests";
			productName = "Test-iOS-CLIToolUITests";
			productReference = 024A5D462BDD3EB00054F911 /* Test-iOS-CLIToolUITests.xctest */;
			productType = "com.apple.product-type.bundle.ui-testing";
		};
/* End PBXNativeTarget section */

/* Begin PBXProject section */
		024A5D1E2BDD3EAE0054F911 /* Project object */ = {
			isa = PBXProject;
			attributes = {
				BuildIndependentTargetsInParallel = 1;
				LastSwiftUpdateCheck = 1510;
				LastUpgradeCheck = 1510;
				TargetAttributes = {
					024A5D252BDD3EAE0054F911 = {
						CreatedOnToolsVersion = 15.1;
					};
					024A5D3B2BDD3EB00054F911 = {
						CreatedOnToolsVersion = 15.1;
						TestTargetID = 024A5D252BDD3EAE0054F911;
					};
					024A5D452BDD3EB00054F911 = {
						CreatedOnToolsVersion = 15.1;
						TestTargetID = 024A5D252BDD3EAE0054F911;
					};
				};
			};
			buildConfigurationList = 024A5D212BDD3EAE0054F911 /* Build configuration list for PBXProject "Test-iOS-CLITool" */;
			compatibilityVersion = "Xcode 14.0";
			developmentRegion = en;
			hasScannedForEncodings = 0;
			knownRegions = (
				en,
				Base,
			);
			mainGroup = 024A5D1D2BDD3EAE0054F911;
			productRefGroup = 024A5D272BDD3EAE0054F911 /* Products */;
			projectDirPath = "";
			projectRoot = "";
			targets = (
				024A5D252BDD3EAE0054F911 /* Test-iOS-CLITool */,
				024A5D3B2BDD3EB00054F911 /* Test-iOS-CLIToolTests */,
				024A5D452BDD3EB00054F911 /* Test-iOS-CLIToolUITests */,
			);
		};
/* End PBXProject section */

/* Begin PBXResourcesBuildPhase section */
		024A5D242BDD3EAE0054F911 /* Resources */ = {
			isa = PBXResourcesBuildPhase;
			buildActionMask = 2147483647;
			files = (
				024A5D362BDD3EB00054F911 /* LaunchScreen.storyboard in Resources */,
				024A5D332BDD3EB00054F911 /* Assets.xcassets in Resources */,
				024A5D312BDD3EAE0054F911 /* Main.storyboard in Resources */,
			);
			runOnlyForDeploymentPostprocessing = 0;
		};
		024A5D3A2BDD3EB00054F911 /* Resources */ = {
			isa = PBXResourcesBuildPhase;
			buildActionMask = 2147483647;
			files = (
			);
			runOnlyForDeploymentPostprocessing = 0;
		};
		024A5D442BDD3EB00054F911 /* Resources */ = {
			isa = PBXResourcesBuildPhase;
			buildActionMask = 2147483647;
			files = (
			);
			runOnlyForDeploymentPostprocessing = 0;
		};
/* End PBXResourcesBuildPhase section */

/* Begin PBXSourcesBuildPhase section */
		024A5D222BDD3EAE0054F911 /* Sources */ = {
			isa = PBXSourcesBuildPhase;
			buildActionMask = 2147483647;
			files = (
				024A5D2E2BDD3EAE0054F911 /* ViewController.swift in Sources */,
				024A5D2A2BDD3EAE0054F911 /* AppDelegate.swift in Sources */,
				024A5D2C2BDD3EAE0054F911 /* SceneDelegate.swift in Sources */,
			);
			runOnlyForDeploymentPostprocessing = 0;
		};
		024A5D382BDD3EB00054F911 /* Sources */ = {
			isa = PBXSourcesBuildPhase;
			buildActionMask = 2147483647;
			files = (
				024A5D412BDD3EB00054F911 /* Test_iOS_CLIToolTests.swift in Sources */,
			);
			runOnlyForDeploymentPostprocessing = 0;
		};
		024A5D422BDD3EB00054F911 /* Sources */ = {
			isa = PBXSourcesBuildPhase;
			buildActionMask = 2147483647;
			files = (
				024A5D4B2BDD3EB00054F911 /* Test_iOS_CLIToolUITests.swift in Sources */,
				024A5D4D2BDD3EB00054F911 /* Test_iOS_CLIToolUITestsLaunchTests.swift in Sources */,
			);
			runOnlyForDeploymentPostprocessing = 0;
		};
/* End PBXSourcesBuildPhase section */

/* Begin PBXTargetDependency section */
		024A5D3E2BDD3EB00054F911 /* PBXTargetDependency */ = {
			isa = PBXTargetDependency;
			target = 024A5D252BDD3EAE0054F911 /* Test-iOS-CLITool */;
			targetProxy = 024A5D3D2BDD3EB00054F911 /* PBXContainerItemProxy */;
		};
		024A5D482BDD3EB00054F911 /* PBXTargetDependency */ = {
			isa = PBXTargetDependency;
			target = 024A5D252BDD3EAE0054F911 /* Test-iOS-CLITool */;
			targetProxy = 024A5D472BDD3EB00054F911 /* PBXContainerItemProxy */;
		};
/* End PBXTargetDependency section */

/* Begin PBXVariantGroup section */
		024A5D2F2BDD3EAE0054F911 /* Main.storyboard */ = {
			isa = PBXVariantGroup;
			children = (
				024A5D302BDD3EAE0054F911 /* Base */,
			);
			name = Main.storyboard;
			sourceTree = "<group>";
		};
		024A5D342BDD3EB00054F911 /* LaunchScreen.storyboard */ = {
			isa = PBXVariantGroup;
			children = (
				024A5D352BDD3EB00054F911 /* Base */,
			);
			name = LaunchScreen.storyboard;
			sourceTree = "<group>";
		};
/* End PBXVariantGroup section */

/* Begin XCBuildConfiguration section */
		024A5D4E2BDD3EB00054F911 /* Debug */ = {
			isa = XCBuildConfiguration;
			buildSettings = {
				ALWAYS_SEARCH_USER_PATHS = NO;
				ASSETCATALOG_COMPILER_GENERATE_SWIFT_ASSET_SYMBOL_EXTENSIONS = YES;
				CLANG_ANALYZER_NONNULL = YES;
				CLANG_ANALYZER_NUMBER_OBJECT_CONVERSION = YES_AGGRESSIVE;
				CLANG_CXX_LANGUAGE_STANDARD = "gnu++20";
				CLANG_ENABLE_MODULES = YES;
				CLANG_ENABLE_OBJC_ARC = YES;
				CLANG_ENABLE_OBJC_WEAK = YES;
				CLANG_WARN_BLOCK_CAPTURE_AUTORELEASING = YES;
				CLANG_WARN_BOOL_CONVERSION = YES;
				CLANG_WARN_COMMA = YES;
				CLANG_WARN_CONSTANT_CONVERSION = YES;
				CLANG_WARN_DEPRECATED_OBJC_IMPLEMENTATIONS = YES;
				CLANG_WARN_DIRECT_OBJC_ISA_USAGE = YES_ERROR;
				CLANG_WARN_DOCUMENTATION_COMMENTS = YES;
				CLANG_WARN_EMPTY_BODY = YES;
				CLANG_WARN_ENUM_CONVERSION = YES;
				CLANG_WARN_INFINITE_RECURSION = YES;
				CLANG_WARN_INT_CONVERSION = YES;
				CLANG_WARN_NON_LITERAL_NULL_CONVERSION = YES;
				CLANG_WARN_OBJC_IMPLICIT_RETAIN_SELF = YES;
				CLANG_WARN_OBJC_LITERAL_CONVERSION = YES;
				CLANG_WARN_OBJC_ROOT_CLASS = YES_ERROR;
				CLANG_WARN_QUOTED_INCLUDE_IN_FRAMEWORK_HEADER = YES;
				CLANG_WARN_RANGE_LOOP_ANALYSIS = YES;
				CLANG_WARN_STRICT_PROTOTYPES = YES;
				CLANG_WARN_SUSPICIOUS_MOVE = YES;
				CLANG_WARN_UNGUARDED_AVAILABILITY = YES_AGGRESSIVE;
				CLANG_WARN_UNREACHABLE_CODE = YES;
				CLANG_WARN__DUPLICATE_METHOD_MATCH = YES;
				COPY_PHASE_STRIP = NO;
				DEBUG_INFORMATION_FORMAT = dwarf;
				ENABLE_STRICT_OBJC_MSGSEND = YES;
				ENABLE_TESTABILITY = YES;
				ENABLE_USER_SCRIPT_SANDBOXING = YES;
				GCC_C_LANGUAGE_STANDARD = gnu17;
				GCC_DYNAMIC_NO_PIC = NO;
				GCC_NO_COMMON_BLOCKS = YES;
				GCC_OPTIMIZATION_LEVEL = 0;
				GCC_PREPROCESSOR_DEFINITIONS = (
					"DEBUG=1",
					"$(inherited)",
				);
				GCC_WARN_64_TO_32_BIT_CONVERSION = YES;
				GCC_WARN_ABOUT_RETURN_TYPE = YES_ERROR;
				GCC_WARN_UNDECLARED_SELECTOR = YES;
				GCC_WARN_UNINITIALIZED_AUTOS = YES_AGGRESSIVE;
				GCC_WARN_UNUSED_FUNCTION = YES;
				GCC_WARN_UNUSED_VARIABLE = YES;
				IPHONEOS_DEPLOYMENT_TARGET = 17.2;
				LOCALIZATION_PREFERS_STRING_CATALOGS = YES;
				MTL_ENABLE_DEBUG_INFO = INCLUDE_SOURCE;
				MTL_FAST_MATH = YES;
				ONLY_ACTIVE_ARCH = YES;
				SDKROOT = iphoneos;
				SWIFT_ACTIVE_COMPILATION_CONDITIONS = "DEBUG $(inherited)";
				SWIFT_OPTIMIZATION_LEVEL = "-Onone";
			};
			name = Debug;
		};
		024A5D4F2BDD3EB00054F911 /* Release */ = {
			isa = XCBuildConfiguration;
			buildSettings = {
				ALWAYS_SEARCH_USER_PATHS = NO;
				ASSETCATALOG_COMPILER_GENERATE_SWIFT_ASSET_SYMBOL_EXTENSIONS = YES;
				CLANG_ANALYZER_NONNULL = YES;
				CLANG_ANALYZER_NUMBER_OBJECT_CONVERSION = YES_AGGRESSIVE;
				CLANG_CXX_LANGUAGE_STANDARD = "gnu++20";
				CLANG_ENABLE_MODULES = YES;
				CLANG_ENABLE_OBJC_ARC = YES;
				CLANG_ENABLE_OBJC_WEAK = YES;
				CLANG_WARN_BLOCK_CAPTURE_AUTORELEASING = YES;
				CLANG_WARN_BOOL_CONVERSION = YES;
				CLANG_WARN_COMMA = YES;
				CLANG_WARN_CONSTANT_CONVERSION = YES;
				CLANG_WARN_DEPRECATED_OBJC_IMPLEMENTATIONS = YES;
				CLANG_WARN_DIRECT_OBJC_ISA_USAGE = YES_ERROR;
				CLANG_WARN_DOCUMENTATION_COMMENTS = YES;
				CLANG_WARN_EMPTY_BODY = YES;
				CLANG_WARN_ENUM_CONVERSION = YES;
				CLANG_WARN_INFINITE_RECURSION = YES;
				CLANG_WARN_INT_CONVERSION = YES;
				CLANG_WARN_NON_LITERAL_NULL_CONVERSION = YES;
				CLANG_WARN_OBJC_IMPLICIT_RETAIN_SELF = YES;
				CLANG_WARN_OBJC_LITERAL_CONVERSION = YES;
				CLANG_WARN_OBJC_ROOT_CLASS = YES_ERROR;
				CLANG_WARN_QUOTED_INCLUDE_IN_FRAMEWORK_HEADER = YES;
				CLANG_WARN_RANGE_LOOP_ANALYSIS = YES;
				CLANG_WARN_STRICT_PROTOTYPES = YES;
				CLANG_WARN_SUSPICIOUS_MOVE = YES;
				CLANG_WARN_UNGUARDED_AVAILABILITY = YES_AGGRESSIVE;
				CLANG_WARN_UNREACHABLE_CODE = YES;
				CLANG_WARN__DUPLICATE_METHOD_MATCH = YES;
				COPY_PHASE_STRIP = NO;
				DEBUG_INFORMATION_FORMAT = "dwarf-with-dsym";
				ENABLE_NS_ASSERTIONS = NO;
				ENABLE_STRICT_OBJC_MSGSEND = YES;
				ENABLE_USER_SCRIPT_SANDBOXING = YES;
				GCC_C_LANGUAGE_STANDARD = gnu17;
				GCC_NO_COMMON_BLOCKS = YES;
				GCC_WARN_64_TO_32_BIT_CONVERSION = YES;
				GCC_WARN_ABOUT_RETURN_TYPE = YES_ERROR;
				GCC_WARN_UNDECLARED_SELECTOR = YES;
				GCC_WARN_UNINITIALIZED_AUTOS = YES_AGGRESSIVE;
				GCC_WARN_UNUSED_FUNCTION = YES;
				GCC_WARN_UNUSED_VARIABLE = YES;
				IPHONEOS_DEPLOYMENT_TARGET = 17.2;
				LOCALIZATION_PREFERS_STRING_CATALOGS = YES;
				MTL_ENABLE_DEBUG_INFO = NO;
				MTL_FAST_MATH = YES;
				SDKROOT = iphoneos;
				SWIFT_COMPILATION_MODE = wholemodule;
				VALIDATE_PRODUCT = YES;
			};
			name = Release;
		};
		024A5D512BDD3EB00054F911 /* Debug */ = {
			isa = XCBuildConfiguration;
			buildSettings = {
				ASSETCATALOG_COMPILER_APPICON_NAME = AppIcon;
				ASSETCATALOG_COMPILER_GLOBAL_ACCENT_COLOR_NAME = AccentColor;
				CODE_SIGN_STYLE = Automatic;
				CURRENT_PROJECT_VERSION = 1;
				DEVELOPMENT_TEAM = W65K85SV79;
				GENERATE_INFOPLIST_FILE = YES;
				INFOPLIST_FILE = "Test-iOS-CLITool/Info.plist";
				INFOPLIST_KEY_UIApplicationSupportsIndirectInputEvents = YES;
				INFOPLIST_KEY_UILaunchStoryboardName = LaunchScreen;
				INFOPLIST_KEY_UIMainStoryboardFile = Main;
				INFOPLIST_KEY_UISupportedInterfaceOrientations_iPad = "UIInterfaceOrientationPortrait UIInterfaceOrientationPortraitUpsideDown UIInterfaceOrientationLandscapeLeft UIInterfaceOrientationLandscapeRight";
				INFOPLIST_KEY_UISupportedInterfaceOrientations_iPhone = "UIInterfaceOrientationPortrait UIInterfaceOrientationLandscapeLeft UIInterfaceOrientationLandscapeRight";
				LD_RUNPATH_SEARCH_PATHS = (
					"$(inherited)",
					"@executable_path/Frameworks",
				);
				MARKETING_VERSION = 1.0;
				PRODUCT_BUNDLE_IDENTIFIER = "atsuki.seo.Test-iOS-CLITool";
				PRODUCT_NAME = "$(TARGET_NAME)";
				SWIFT_EMIT_LOC_STRINGS = YES;
				SWIFT_VERSION = 5.0;
				TARGETED_DEVICE_FAMILY = "1,2";
			};
			name = Debug;
		};
		024A5D522BDD3EB00054F911 /* Release */ = {
			isa = XCBuildConfiguration;
			buildSettings = {
				ASSETCATALOG_COMPILER_APPICON_NAME = AppIcon;
				ASSETCATALOG_COMPILER_GLOBAL_ACCENT_COLOR_NAME = AccentColor;
				CODE_SIGN_STYLE = Automatic;
				CURRENT_PROJECT_VERSION = 1;
				DEVELOPMENT_TEAM = W65K85SV79;
				GENERATE_INFOPLIST_FILE = YES;
				INFOPLIST_FILE = "Test-iOS-CLITool/Info.plist";
				INFOPLIST_KEY_UIApplicationSupportsIndirectInputEvents = YES;
				INFOPLIST_KEY_UILaunchStoryboardName = LaunchScreen;
				INFOPLIST_KEY_UIMainStoryboardFile = Main;
				INFOPLIST_KEY_UISupportedInterfaceOrientations_iPad = "UIInterfaceOrientationPortrait UIInterfaceOrientationPortraitUpsideDown UIInterfaceOrientationLandscapeLeft UIInterfaceOrientationLandscapeRight";
				INFOPLIST_KEY_UISupportedInterfaceOrientations_iPhone = "UIInterfaceOrientationPortrait UIInterfaceOrientationLandscapeLeft UIInterfaceOrientationLandscapeRight";
				LD_RUNPATH_SEARCH_PATHS = (
					"$(inherited)",
					"@executable_path/Frameworks",
				);
				MARKETING_VERSION = 1.0;
				PRODUCT_BUNDLE_IDENTIFIER = "atsuki.seo.Test-iOS-CLITool";
				PRODUCT_NAME = "$(TARGET_NAME)";
				SWIFT_EMIT_LOC_STRINGS = YES;
				SWIFT_VERSION = 5.0;
				TARGETED_DEVICE_FAMILY = "1,2";
			};
			name = Release;
		};
		024A5D542BDD3EB00054F911 /* Debug */ = {
			isa = XCBuildConfiguration;
			buildSettings = {
				ALWAYS_EMBED_SWIFT_STANDARD_LIBRARIES = YES;
				BUNDLE_LOADER = "$(TEST_HOST)";
				CODE_SIGN_STYLE = Automatic;
				CURRENT_PROJECT_VERSION = 1;
				DEVELOPMENT_TEAM = W65K85SV79;
				GENERATE_INFOPLIST_FILE = YES;
				IPHONEOS_DEPLOYMENT_TARGET = 17.2;
				MARKETING_VERSION = 1.0;
				PRODUCT_BUNDLE_IDENTIFIER = "atsuki.seo.Test-iOS-CLIToolTests";
				PRODUCT_NAME = "$(TARGET_NAME)";
				SWIFT_EMIT_LOC_STRINGS = NO;
				SWIFT_VERSION = 5.0;
				TARGETED_DEVICE_FAMILY = "1,2";
				TEST_HOST = "$(BUILT_PRODUCTS_DIR)/Test-iOS-CLITool.app/$(BUNDLE_EXECUTABLE_FOLDER_PATH)/Test-iOS-CLITool";
			};
			name = Debug;
		};
		024A5D552BDD3EB00054F911 /* Release */ = {
			isa = XCBuildConfiguration;
			buildSettings = {
				ALWAYS_EMBED_SWIFT_STANDARD_LIBRARIES = YES;
				BUNDLE_LOADER = "$(TEST_HOST)";
				CODE_SIGN_STYLE = Automatic;
				CURRENT_PROJECT_VERSION = 1;
				DEVELOPMENT_TEAM = W65K85SV79;
				GENERATE_INFOPLIST_FILE = YES;
				IPHONEOS_DEPLOYMENT_TARGET = 17.2;
				MARKETING_VERSION = 1.0;
				PRODUCT_BUNDLE_IDENTIFIER = "atsuki.seo.Test-iOS-CLIToolTests";
				PRODUCT_NAME = "$(TARGET_NAME)";
				SWIFT_EMIT_LOC_STRINGS = NO;
				SWIFT_VERSION = 5.0;
				TARGETED_DEVICE_FAMILY = "1,2";
				TEST_HOST = "$(BUILT_PRODUCTS_DIR)/Test-iOS-CLITool.app/$(BUNDLE_EXECUTABLE_FOLDER_PATH)/Test-iOS-CLITool";
			};
			name = Release;
		};
		024A5D572BDD3EB00054F911 /* Debug */ = {
			isa = XCBuildConfiguration;
			buildSettings = {
				ALWAYS_EMBED_SWIFT_STANDARD_LIBRARIES = YES;
				CODE_SIGN_STYLE = Automatic;
				CURRENT_PROJECT_VERSION = 1;
				DEVELOPMENT_TEAM = W65K85SV79;
				GENERATE_INFOPLIST_FILE = YES;
				MARKETING_VERSION = 1.0;
				PRODUCT_BUNDLE_IDENTIFIER = "atsuki.seo.Test-iOS-CLIToolUITests";
				PRODUCT_NAME = "$(TARGET_NAME)";
				SWIFT_EMIT_LOC_STRINGS = NO;
				SWIFT_VERSION = 5.0;
				TARGETED_DEVICE_FAMILY = "1,2";
				TEST_TARGET_NAME = "Test-iOS-CLITool";
			};
			name = Debug;
		};
		024A5D582BDD3EB00054F911 /* Release */ = {
			isa = XCBuildConfiguration;
			buildSettings = {
				ALWAYS_EMBED_SWIFT_STANDARD_LIBRARIES = YES;
				CODE_SIGN_STYLE = Automatic;
				CURRENT_PROJECT_VERSION = 1;
				DEVELOPMENT_TEAM = W65K85SV79;
				GENERATE_INFOPLIST_FILE = YES;
				MARKETING_VERSION = 1.0;
				PRODUCT_BUNDLE_IDENTIFIER = "atsuki.seo.Test-iOS-CLIToolUITests";
				PRODUCT_NAME = "$(TARGET_NAME)";
				SWIFT_EMIT_LOC_STRINGS = NO;
				SWIFT_VERSION = 5.0;
				TARGETED_DEVICE_FAMILY = "1,2";
				TEST_TARGET_NAME = "Test-iOS-CLITool";
			};
			name = Release;
		};
/* End XCBuildConfiguration section */

/* Begin XCConfigurationList section */
		024A5D212BDD3EAE0054F911 /* Build configuration list for PBXProject "Test-iOS-CLITool" */ = {
			isa = XCConfigurationList;
			buildConfigurations = (
				024A5D4E2BDD3EB00054F911 /* Debug */,
				024A5D4F2BDD3EB00054F911 /* Release */,
			);
			defaultConfigurationIsVisible = 0;
			defaultConfigurationName = Release;
		};
		024A5D502BDD3EB00054F911 /* Build configuration list for PBXNativeTarget "Test-iOS-CLITool" */ = {
			isa = XCConfigurationList;
			buildConfigurations = (
				024A5D512BDD3EB00054F911 /* Debug */,
				024A5D522BDD3EB00054F911 /* Release */,
			);
			defaultConfigurationIsVisible = 0;
			defaultConfigurationName = Release;
		};
		024A5D532BDD3EB00054F911 /* Build configuration list for PBXNativeTarget "Test-iOS-CLIToolTests" */ = {
			isa = XCConfigurationList;
			buildConfigurations = (
				024A5D542BDD3EB00054F911 /* Debug */,
				024A5D552BDD3EB00054F911 /* Release */,
			);
			defaultConfigurationIsVisible = 0;
			defaultConfigurationName = Release;
		};
		024A5D562BDD3EB00054F911 /* Build configuration list for PBXNativeTarget "Test-iOS-CLIToolUITests" */ = {
			isa = XCConfigurationList;
			buildConfigurations = (
				024A5D572BDD3EB00054F911 /* Debug */,
				024A5D582BDD3EB00054F911 /* Release */,
			);
			defaultConfigurationIsVisible = 0;
			defaultConfigurationName = Release;
		};
/* End XCConfigurationList section */
	};
	rootObject = 024A5D1E2BDD3EAE0054F911 /* Project object */;
}
